
Microsoft Visual Studio Solution File, Format Version 12.00
# Visual Studio 14
VisualStudioVersion = 14.0.22512.0
MinimumVisualStudioVersion = 10.0.40219.1
Project("{FAE04EC0-301F-11D3-BF4B-00C04F79EFBC}") = "Jadeite", "Jadeite\Jadeite.csproj", "{23E4DCA6-2149-4230-B074-FE8ED8EEA6FB}"
EndProject
Project("{FAE04EC0-301F-11D3-BF4B-00C04F79EFBC}") = "Jadeite.Tests", "Jadeite.Tests\Jadeite.Tests.csproj", "{6E6BD4C5-DBFC-4FDA-A1AB-D421AA90A00C}"
EndProject
Project("{FAE04EC0-301F-11D3-BF4B-00C04F79EFBC}") = "TestConsole", "TestConsole\TestConsole.csproj", "{439DF15B-0782-4F8D-A20C-84E8A68CF885}"
EndProject
Global
	GlobalSection(SolutionConfigurationPlatforms) = preSolution
		Debug|Any CPU = Debug|Any CPU
		Debug|x64 = Debug|x64
		Release|Any CPU = Release|Any CPU
		Release|x64 = Release|x64
	EndGlobalSection
	GlobalSection(ProjectConfigurationPlatforms) = postSolution
		{23E4DCA6-2149-4230-B074-FE8ED8EEA6FB}.Debug|Any CPU.ActiveCfg = Debug|Any CPU
		{23E4DCA6-2149-4230-B074-FE8ED8EEA6FB}.Debug|Any CPU.Build.0 = Debug|Any CPU
		{23E4DCA6-2149-4230-B074-FE8ED8EEA6FB}.Debug|x64.ActiveCfg = Debug|Any CPU
		{23E4DCA6-2149-4230-B074-FE8ED8EEA6FB}.Debug|x64.Build.0 = Debug|Any CPU
		{23E4DCA6-2149-4230-B074-FE8ED8EEA6FB}.Release|Any CPU.ActiveCfg = Release|Any CPU
		{23E4DCA6-2149-4230-B074-FE8ED8EEA6FB}.Release|Any CPU.Build.0 = Release|Any CPU
		{23E4DCA6-2149-4230-B074-FE8ED8EEA6FB}.Release|x64.ActiveCfg = Release|x64
		{23E4DCA6-2149-4230-B074-FE8ED8EEA6FB}.Release|x64.Build.0 = Release|x64
		{6E6BD4C5-DBFC-4FDA-A1AB-D421AA90A00C}.Debug|Any CPU.ActiveCfg = Debug|Any CPU
		{6E6BD4C5-DBFC-4FDA-A1AB-D421AA90A00C}.Debug|Any CPU.Build.0 = Debug|Any CPU
		{6E6BD4C5-DBFC-4FDA-A1AB-D421AA90A00C}.Debug|x64.ActiveCfg = Debug|x64
		{6E6BD4C5-DBFC-4FDA-A1AB-D421AA90A00C}.Debug|x64.Build.0 = Debug|x64
		{6E6BD4C5-DBFC-4FDA-A1AB-D421AA90A00C}.Release|Any CPU.ActiveCfg = Release|Any CPU
		{6E6BD4C5-DBFC-4FDA-A1AB-D421AA90A00C}.Release|Any CPU.Build.0 = Release|Any CPU
		{6E6BD4C5-DBFC-4FDA-A1AB-D421AA90A00C}.Release|x64.ActiveCfg = Release|x64
		{6E6BD4C5-DBFC-4FDA-A1AB-D421AA90A00C}.Release|x64.Build.0 = Release|x64
		{439DF15B-0782-4F8D-A20C-84E8A68CF885}.Debug|Any CPU.ActiveCfg = Debug|Any CPU
		{439DF15B-0782-4F8D-A20C-84E8A68CF885}.Debug|Any CPU.Build.0 = Debug|Any CPU
		{439DF15B-0782-4F8D-A20C-84E8A68CF885}.Debug|x64.ActiveCfg = Debug|x64
		{439DF15B-0782-4F8D-A20C-84E8A68CF885}.Debug|x64.Build.0 = Debug|x64
		{439DF15B-0782-4F8D-A20C-84E8A68CF885}.Release|Any CPU.ActiveCfg = Release|Any CPU
		{439DF15B-0782-4F8D-A20C-84E8A68CF885}.Release|Any CPU.Build.0 = Release|Any CPU
		{439DF15B-0782-4F8D-A20C-84E8A68CF885}.Release|x64.ActiveCfg = Release|x64
		{439DF15B-0782-4F8D-A20C-84E8A68CF885}.Release|x64.Build.0 = Release|x64
	EndGlobalSection
	GlobalSection(SolutionProperties) = preSolution
		HideSolutionNode = FALSE
	EndGlobalSection
EndGlobal
